
Microsoft Visual Studio Solution File, Format Version 12.00
# Visual Studio 2012
Project("{FAE04EC0-301F-11D3-BF4B-00C04F79EFBC}") = "LyricsLibNet", "LyricsLibNet\LyricsLibNet.csproj", "{F52AD80C-4E62-44B8-BC97-E0AE494D27D6}"
EndProject
Project("{FAE04EC0-301F-11D3-BF4B-00C04F79EFBC}") = "Test", "Test\Test.csproj", "{6C0DEDC7-125D-4BBF-848F-89C54EDC7008}"
EndProject
Global
	GlobalSection(SolutionConfigurationPlatforms) = preSolution
		Debug|Any CPU = Debug|Any CPU
		Release|Any CPU = Release|Any CPU
	EndGlobalSection
	GlobalSection(ProjectConfigurationPlatforms) = postSolution
		{F52AD80C-4E62-44B8-BC97-E0AE494D27D6}.Debug|Any CPU.ActiveCfg = Debug|Any CPU
		{F52AD80C-4E62-44B8-BC97-E0AE494D27D6}.Debug|Any CPU.Build.0 = Debug|Any CPU
		{F52AD80C-4E62-44B8-BC97-E0AE494D27D6}.Release|Any CPU.ActiveCfg = Release|Any CPU
		{F52AD80C-4E62-44B8-BC97-E0AE494D27D6}.Release|Any CPU.Build.0 = Release|Any CPU
		{6C0DEDC7-125D-4BBF-848F-89C54EDC7008}.Debug|Any CPU.ActiveCfg = Debug|Any CPU
		{6C0DEDC7-125D-4BBF-848F-89C54EDC7008}.Debug|Any CPU.Build.0 = Debug|Any CPU
		{6C0DEDC7-125D-4BBF-848F-89C54EDC7008}.Release|Any CPU.ActiveCfg = Release|Any CPU
		{6C0DEDC7-125D-4BBF-848F-89C54EDC7008}.Release|Any CPU.Build.0 = Release|Any CPU
	EndGlobalSection
	GlobalSection(SolutionProperties) = preSolution
		HideSolutionNode = FALSE
	EndGlobalSection
EndGlobal
